
Microsoft Visual Studio Solution File, Format Version 12.00
# Visual Studio Version 17
VisualStudioVersion = 17.10.35122.118
MinimumVisualStudioVersion = 10.0.40219.1
Project("{9A19103F-16F7-4668-BE54-9A1E7A4F7556}") = "Authentification.API", "Authentification.API.csproj", "{34117063-C6ED-405C-95BE-A06C2C410F32}"
EndProject
Project("{FAE04EC0-301F-11D3-BF4B-00C04F79EFBC}") = "Authentification.Domain", "..\Authentification.Domain\Authentification.Domain.csproj", "{00D05F3A-3554-48E0-BCA1-17B420A4340A}"
EndProject
Global
	GlobalSection(SolutionConfigurationPlatforms) = preSolution
		Debug|Any CPU = Debug|Any CPU
		Release|Any CPU = Release|Any CPU
	EndGlobalSection
	GlobalSection(ProjectConfigurationPlatforms) = postSolution
		{34117063-C6ED-405C-95BE-A06C2C410F32}.Debug|Any CPU.ActiveCfg = Debug|Any CPU
		{34117063-C6ED-405C-95BE-A06C2C410F32}.Debug|Any CPU.Build.0 = Debug|Any CPU
		{34117063-C6ED-405C-95BE-A06C2C410F32}.Release|Any CPU.ActiveCfg = Release|Any CPU
		{34117063-C6ED-405C-95BE-A06C2C410F32}.Release|Any CPU.Build.0 = Release|Any CPU
		{00D05F3A-3554-48E0-BCA1-17B420A4340A}.Debug|Any CPU.ActiveCfg = Debug|Any CPU
		{00D05F3A-3554-48E0-BCA1-17B420A4340A}.Debug|Any CPU.Build.0 = Debug|Any CPU
		{00D05F3A-3554-48E0-BCA1-17B420A4340A}.Release|Any CPU.ActiveCfg = Release|Any CPU
		{00D05F3A-3554-48E0-BCA1-17B420A4340A}.Release|Any CPU.Build.0 = Release|Any CPU
	EndGlobalSection
	GlobalSection(SolutionProperties) = preSolution
		HideSolutionNode = FALSE
	EndGlobalSection
	GlobalSection(ExtensibilityGlobals) = postSolution
		SolutionGuid = {70BCEC6D-A959-4ED4-B6D2-A3DA5BDBA4AA}
	EndGlobalSection
EndGlobal
