
Microsoft Visual Studio Solution File, Format Version 12.00
# Visual Studio Version 17
VisualStudioVersion = 17.10.35122.118
MinimumVisualStudioVersion = 10.0.40219.1
Project("{FAE04EC0-301F-11D3-BF4B-00C04F79EFBC}") = "Notification.API", "Notification.API.csproj", "{83C4733A-D83E-4680-B392-EB87B189C3F0}"
EndProject
Global
	GlobalSection(SolutionConfigurationPlatforms) = preSolution
		Debug|Any CPU = Debug|Any CPU
		Release|Any CPU = Release|Any CPU
	EndGlobalSection
	GlobalSection(ProjectConfigurationPlatforms) = postSolution
		{83C4733A-D83E-4680-B392-EB87B189C3F0}.Debug|Any CPU.ActiveCfg = Debug|Any CPU
		{83C4733A-D83E-4680-B392-EB87B189C3F0}.Debug|Any CPU.Build.0 = Debug|Any CPU
		{83C4733A-D83E-4680-B392-EB87B189C3F0}.Release|Any CPU.ActiveCfg = Release|Any CPU
		{83C4733A-D83E-4680-B392-EB87B189C3F0}.Release|Any CPU.Build.0 = Release|Any CPU
	EndGlobalSection
	GlobalSection(SolutionProperties) = preSolution
		HideSolutionNode = FALSE
	EndGlobalSection
	GlobalSection(ExtensibilityGlobals) = postSolution
		SolutionGuid = {521D73F5-49D4-4092-881B-EEADE311A727}
	EndGlobalSection
EndGlobal
