
Microsoft Visual Studio Solution File, Format Version 12.00
# Visual Studio Version 17
VisualStudioVersion = 17.10.35122.118
MinimumVisualStudioVersion = 10.0.40219.1
Project("{FAE04EC0-301F-11D3-BF4B-00C04F79EFBC}") = "Pizza.API", "Pizza.API.csproj", "{FC0E98B6-1C02-4B22-8EE6-E5C13C33460E}"
EndProject
Global
	GlobalSection(SolutionConfigurationPlatforms) = preSolution
		Debug|Any CPU = Debug|Any CPU
		Release|Any CPU = Release|Any CPU
	EndGlobalSection
	GlobalSection(ProjectConfigurationPlatforms) = postSolution
		{FC0E98B6-1C02-4B22-8EE6-E5C13C33460E}.Debug|Any CPU.ActiveCfg = Debug|Any CPU
		{FC0E98B6-1C02-4B22-8EE6-E5C13C33460E}.Debug|Any CPU.Build.0 = Debug|Any CPU
		{FC0E98B6-1C02-4B22-8EE6-E5C13C33460E}.Release|Any CPU.ActiveCfg = Release|Any CPU
		{FC0E98B6-1C02-4B22-8EE6-E5C13C33460E}.Release|Any CPU.Build.0 = Release|Any CPU
	EndGlobalSection
	GlobalSection(SolutionProperties) = preSolution
		HideSolutionNode = FALSE
	EndGlobalSection
	GlobalSection(ExtensibilityGlobals) = postSolution
		SolutionGuid = {6E7630B3-5DEB-4624-9BC1-CC9989AA63A0}
	EndGlobalSection
EndGlobal
