
Microsoft Visual Studio Solution File, Format Version 12.00
# Visual Studio Version 17
VisualStudioVersion = 17.10.35122.118
MinimumVisualStudioVersion = 10.0.40219.1
Project("{FAE04EC0-301F-11D3-BF4B-00C04F79EFBC}") = "Profile.API", "Profile.API.csproj", "{3A1AA3C9-5462-42C8-90AE-C7F023FA8FB4}"
EndProject
Project("{FAE04EC0-301F-11D3-BF4B-00C04F79EFBC}") = "Profile.Domain", "..\Profile.Domain\Profile.Domain.csproj", "{C4448620-A2AC-4D17-BECC-BC789392E82A}"
EndProject
Global
	GlobalSection(SolutionConfigurationPlatforms) = preSolution
		Debug|Any CPU = Debug|Any CPU
		Release|Any CPU = Release|Any CPU
	EndGlobalSection
	GlobalSection(ProjectConfigurationPlatforms) = postSolution
		{3A1AA3C9-5462-42C8-90AE-C7F023FA8FB4}.Debug|Any CPU.ActiveCfg = Debug|Any CPU
		{3A1AA3C9-5462-42C8-90AE-C7F023FA8FB4}.Debug|Any CPU.Build.0 = Debug|Any CPU
		{3A1AA3C9-5462-42C8-90AE-C7F023FA8FB4}.Release|Any CPU.ActiveCfg = Release|Any CPU
		{3A1AA3C9-5462-42C8-90AE-C7F023FA8FB4}.Release|Any CPU.Build.0 = Release|Any CPU
		{C4448620-A2AC-4D17-BECC-BC789392E82A}.Debug|Any CPU.ActiveCfg = Debug|Any CPU
		{C4448620-A2AC-4D17-BECC-BC789392E82A}.Debug|Any CPU.Build.0 = Debug|Any CPU
		{C4448620-A2AC-4D17-BECC-BC789392E82A}.Release|Any CPU.ActiveCfg = Release|Any CPU
		{C4448620-A2AC-4D17-BECC-BC789392E82A}.Release|Any CPU.Build.0 = Release|Any CPU
	EndGlobalSection
	GlobalSection(SolutionProperties) = preSolution
		HideSolutionNode = FALSE
	EndGlobalSection
	GlobalSection(ExtensibilityGlobals) = postSolution
		SolutionGuid = {DE0F35F4-3A99-4E15-AA03-746DE732E98A}
	EndGlobalSection
EndGlobal
